
Microsoft Visual Studio Solution File, Format Version 12.00
# Visual Studio 15
VisualStudioVersion = 15.0.27004.2009
MinimumVisualStudioVersion = 10.0.40219.1
Project("{FAE04EC0-301F-11D3-BF4B-00C04F79EFBC}") = "TrainingIS.DAL", "TrainningIS.DAL\TrainingIS.DAL.csproj", "{27C3A6F4-B92D-4253-B14B-B30DC19E262F}"
EndProject
Project("{FAE04EC0-301F-11D3-BF4B-00C04F79EFBC}") = "TrainingIS.BAL", "TrainingIS.BAL\TrainingIS.BAL.csproj", "{4F26C42D-2E83-4E98-ACF6-30E66AB3F78C}"
EndProject
Project("{FAE04EC0-301F-11D3-BF4B-00C04F79EFBC}") = "TrainingIS.Entities", "TrainingIS.Entities\TrainingIS.Entities.csproj", "{AAAA8E5B-4829-4E02-8623-974ACBA86D62}"
EndProject
Project("{FAE04EC0-301F-11D3-BF4B-00C04F79EFBC}") = "TrainingIS.WebApp", "TrainingIS.WebApp\TrainingIS.WebApp.csproj", "{EDD15BA3-52A6-48F4-AD02-2C50AF3D83C5}"
EndProject
Project("{2150E333-8FDC-42A3-9474-1A3956D46DE8}") = "Solution Items", "Solution Items", "{7E1758B2-BEFF-48C4-91F4-F5A9701F1AD3}"
	ProjectSection(SolutionItems) = preProject
		Todo.txt = Todo.txt
		ToDo_Amélioration.txt = ToDo_Amélioration.txt
	EndProjectSection
EndProject
Project("{FAE04EC0-301F-11D3-BF4B-00C04F79EFBC}") = "GAppTemp", "GAppTemp\GAppTemp.csproj", "{06343B7C-D09D-485F-9EAB-02F117EE37CF}"
EndProject
Project("{FAE04EC0-301F-11D3-BF4B-00C04F79EFBC}") = "TestConsole", "Manager\TestConsole.csproj", "{9FE45620-2BD2-4EC1-96B9-99C496CF748D}"
EndProject
Project("{FAE04EC0-301F-11D3-BF4B-00C04F79EFBC}") = "TrainingIS.WebAppTests", "TrainingIS.WebAppTests\TrainingIS.WebAppTests.csproj", "{C04CC34C-25EE-4B96-8601-05979BEF6A24}"
EndProject
Project("{FAE04EC0-301F-11D3-BF4B-00C04F79EFBC}") = "GAppTempTests", "GAppTempTests\GAppTempTests.csproj", "{488422E0-DEAD-4C0B-B76D-9094A7DE49CA}"
EndProject
Project("{FAE04EC0-301F-11D3-BF4B-00C04F79EFBC}") = "TrainingIS.BALTests", "TrainingIS.BALTests\TrainingIS.BALTests.csproj", "{A9BC4658-E7F8-493E-8F62-F1C4DBB8C045}"
EndProject
Global
	GlobalSection(SolutionConfigurationPlatforms) = preSolution
		Debug|Any CPU = Debug|Any CPU
		Release|Any CPU = Release|Any CPU
	EndGlobalSection
	GlobalSection(ProjectConfigurationPlatforms) = postSolution
		{27C3A6F4-B92D-4253-B14B-B30DC19E262F}.Debug|Any CPU.ActiveCfg = Debug|Any CPU
		{27C3A6F4-B92D-4253-B14B-B30DC19E262F}.Debug|Any CPU.Build.0 = Debug|Any CPU
		{27C3A6F4-B92D-4253-B14B-B30DC19E262F}.Release|Any CPU.ActiveCfg = Release|Any CPU
		{27C3A6F4-B92D-4253-B14B-B30DC19E262F}.Release|Any CPU.Build.0 = Release|Any CPU
		{4F26C42D-2E83-4E98-ACF6-30E66AB3F78C}.Debug|Any CPU.ActiveCfg = Debug|Any CPU
		{4F26C42D-2E83-4E98-ACF6-30E66AB3F78C}.Debug|Any CPU.Build.0 = Debug|Any CPU
		{4F26C42D-2E83-4E98-ACF6-30E66AB3F78C}.Release|Any CPU.ActiveCfg = Release|Any CPU
		{4F26C42D-2E83-4E98-ACF6-30E66AB3F78C}.Release|Any CPU.Build.0 = Release|Any CPU
		{AAAA8E5B-4829-4E02-8623-974ACBA86D62}.Debug|Any CPU.ActiveCfg = Debug|Any CPU
		{AAAA8E5B-4829-4E02-8623-974ACBA86D62}.Debug|Any CPU.Build.0 = Debug|Any CPU
		{AAAA8E5B-4829-4E02-8623-974ACBA86D62}.Release|Any CPU.ActiveCfg = Release|Any CPU
		{AAAA8E5B-4829-4E02-8623-974ACBA86D62}.Release|Any CPU.Build.0 = Release|Any CPU
		{EDD15BA3-52A6-48F4-AD02-2C50AF3D83C5}.Debug|Any CPU.ActiveCfg = Debug|Any CPU
		{EDD15BA3-52A6-48F4-AD02-2C50AF3D83C5}.Debug|Any CPU.Build.0 = Debug|Any CPU
		{EDD15BA3-52A6-48F4-AD02-2C50AF3D83C5}.Release|Any CPU.ActiveCfg = Release|Any CPU
		{EDD15BA3-52A6-48F4-AD02-2C50AF3D83C5}.Release|Any CPU.Build.0 = Release|Any CPU
		{06343B7C-D09D-485F-9EAB-02F117EE37CF}.Debug|Any CPU.ActiveCfg = Debug|Any CPU
		{06343B7C-D09D-485F-9EAB-02F117EE37CF}.Debug|Any CPU.Build.0 = Debug|Any CPU
		{06343B7C-D09D-485F-9EAB-02F117EE37CF}.Release|Any CPU.ActiveCfg = Release|Any CPU
		{06343B7C-D09D-485F-9EAB-02F117EE37CF}.Release|Any CPU.Build.0 = Release|Any CPU
		{9FE45620-2BD2-4EC1-96B9-99C496CF748D}.Debug|Any CPU.ActiveCfg = Debug|Any CPU
		{9FE45620-2BD2-4EC1-96B9-99C496CF748D}.Debug|Any CPU.Build.0 = Debug|Any CPU
		{9FE45620-2BD2-4EC1-96B9-99C496CF748D}.Release|Any CPU.ActiveCfg = Release|Any CPU
		{9FE45620-2BD2-4EC1-96B9-99C496CF748D}.Release|Any CPU.Build.0 = Release|Any CPU
		{C04CC34C-25EE-4B96-8601-05979BEF6A24}.Debug|Any CPU.ActiveCfg = Debug|Any CPU
		{C04CC34C-25EE-4B96-8601-05979BEF6A24}.Debug|Any CPU.Build.0 = Debug|Any CPU
		{C04CC34C-25EE-4B96-8601-05979BEF6A24}.Release|Any CPU.ActiveCfg = Release|Any CPU
		{C04CC34C-25EE-4B96-8601-05979BEF6A24}.Release|Any CPU.Build.0 = Release|Any CPU
		{488422E0-DEAD-4C0B-B76D-9094A7DE49CA}.Debug|Any CPU.ActiveCfg = Debug|Any CPU
		{488422E0-DEAD-4C0B-B76D-9094A7DE49CA}.Debug|Any CPU.Build.0 = Debug|Any CPU
		{488422E0-DEAD-4C0B-B76D-9094A7DE49CA}.Release|Any CPU.ActiveCfg = Release|Any CPU
		{488422E0-DEAD-4C0B-B76D-9094A7DE49CA}.Release|Any CPU.Build.0 = Release|Any CPU
		{A9BC4658-E7F8-493E-8F62-F1C4DBB8C045}.Debug|Any CPU.ActiveCfg = Debug|Any CPU
		{A9BC4658-E7F8-493E-8F62-F1C4DBB8C045}.Debug|Any CPU.Build.0 = Debug|Any CPU
		{A9BC4658-E7F8-493E-8F62-F1C4DBB8C045}.Release|Any CPU.ActiveCfg = Release|Any CPU
		{A9BC4658-E7F8-493E-8F62-F1C4DBB8C045}.Release|Any CPU.Build.0 = Release|Any CPU
	EndGlobalSection
	GlobalSection(SolutionProperties) = preSolution
		HideSolutionNode = FALSE
	EndGlobalSection
	GlobalSection(ExtensibilityGlobals) = postSolution
		SolutionGuid = {FFDC64EE-1F4A-4FE1-98D2-B9497F8454A5}
	EndGlobalSection
EndGlobal
