
Microsoft Visual Studio Solution File, Format Version 12.00
# Visual Studio 15
VisualStudioVersion = 15.0.27004.2009
MinimumVisualStudioVersion = 10.0.40219.1
Project("{FAE04EC0-301F-11D3-BF4B-00C04F79EFBC}") = "TrainingIS.WebApp", "TrainingIS.WebApp\TrainingIS.WebApp.csproj", "{EDD15BA3-52A6-48F4-AD02-2C50AF3D83C5}"
EndProject
Project("{2150E333-8FDC-42A3-9474-1A3956D46DE8}") = "Solution Items", "Solution Items", "{7E1758B2-BEFF-48C4-91F4-F5A9701F1AD3}"
	ProjectSection(SolutionItems) = preProject
		Tests.txt = Tests.txt
		To_Do_GApp.txt = To_Do_GApp.txt
		Todo.txt = Todo.txt
		ToDo_Amélioration.txt = ToDo_Amélioration.txt
		Update to Version 0.0.7.txt = Update to Version 0.0.7.txt
	EndProjectSection
EndProject
Project("{FAE04EC0-301F-11D3-BF4B-00C04F79EFBC}") = "TrainingIS.WebAppTests", "TrainingIS.WebAppTests\TrainingIS.WebAppTests.csproj", "{C04CC34C-25EE-4B96-8601-05979BEF6A24}"
EndProject
Project("{2150E333-8FDC-42A3-9474-1A3956D46DE8}") = "TestsProjects", "TestsProjects", "{2686270C-2CFB-457F-A129-75C7B0148993}"
EndProject
Project("{FAE04EC0-301F-11D3-BF4B-00C04F79EFBC}") = "TrainingIS_UI_Tests", "TrainingIS_UI_Tests\TrainingIS_UI_Tests.csproj", "{344210FA-4894-4C48-A21A-BA852713D119}"
EndProject
Project("{FAE04EC0-301F-11D3-BF4B-00C04F79EFBC}") = "TrainingIS.Models", "TrainingIS.Models\TrainingIS.Models.csproj", "{29347748-9BAE-4704-978D-EB2BC6F1DB88}"
EndProject
Project("{2150E333-8FDC-42A3-9474-1A3956D46DE8}") = "GAppProjects", "GAppProjects", "{5A1F18E9-E35C-41E1-8EB7-2D902075AD5E}"
EndProject
Project("{FAE04EC0-301F-11D3-BF4B-00C04F79EFBC}") = "GApp.Dev.Generator", "..\..\GAppProject\GApp.Dev\GApp.Dev.Generator\GApp.Dev.Generator\GApp.Dev.Generator.csproj", "{FD5DBD85-AE7B-4AE6-B03B-47CF6B430AF3}"
EndProject
Project("{FAE04EC0-301F-11D3-BF4B-00C04F79EFBC}") = "GApp.Dev.GeneratorTests", "..\..\GAppProject\GApp.Dev\GApp.Dev.Generator\GApp.Dev.GeneratorTests\GApp.Dev.GeneratorTests.csproj", "{B15E9DDB-442B-4BD2-B255-2A6241FD500D}"
EndProject
Project("{FAE04EC0-301F-11D3-BF4B-00C04F79EFBC}") = "TrainingIS.Context", "GAppDevContext_Lib\TrainingIS.Context.csproj", "{B5EFC583-4F25-4037-8932-0E7FEC664555}"
EndProject
Project("{FAE04EC0-301F-11D3-BF4B-00C04F79EFBC}") = "GApp.WebApp.Core", "..\..\GAppProject\GApp.WebApp\GApp.WebApp.Core\GApp.WebApp.Core\GApp.WebApp.Core.csproj", "{07BE982B-5213-42F2-AD9A-4E997C1661FC}"
EndProject
Project("{FAE04EC0-301F-11D3-BF4B-00C04F79EFBC}") = "GApp.Core", "..\..\GAppProject\GApp.Core\GApp.Core\GApp.Core\GApp.Core.csproj", "{8088A8B3-2DB2-4C94-A4A8-01DEBD645BD6}"
EndProject
Project("{FAE04EC0-301F-11D3-BF4B-00C04F79EFBC}") = "GApp.BLL", "..\..\GAppProject\GApp.BLL\GApp.BLL\GApp.BLL.csproj", "{1FB30091-2729-4164-9FC9-AFE8633A0149}"
EndProject
Project("{FAE04EC0-301F-11D3-BF4B-00C04F79EFBC}") = "GApp.Entities", "..\..\GAppProject\GApp.Entities\GApp.Entities\GApp.Entities.csproj", "{800E45C1-62F5-4C93-B737-A13CA9568827}"
EndProject
Project("{FAE04EC0-301F-11D3-BF4B-00C04F79EFBC}") = "GApp.DAL.EF6", "..\..\GAppProject\GApp.DAL\GApp.DAL.EF6\GApp.DAL.EF6\GApp.DAL.EF6.csproj", "{EE564FAF-4D33-4E46-8D11-BAA7F0A42B41}"
EndProject
Project("{FAE04EC0-301F-11D3-BF4B-00C04F79EFBC}") = "TrainingIS.BLLTests", "TrainingIS.BLLTests\TrainingIS.BLLTests.csproj", "{C85F0DA4-B0C8-4251-922E-6C9C01A2B097}"
EndProject
Project("{FAE04EC0-301F-11D3-BF4B-00C04F79EFBC}") = "GApp.UnitTest", "..\..\GAppProject\GApp.UnitTest\GApp.UnitTest\GApp.UnitTest\GApp.UnitTest.csproj", "{7EF2161E-AB8A-48B2-87F5-3CB0FB9AAC2F}"
EndProject
Project("{FAE04EC0-301F-11D3-BF4B-00C04F79EFBC}") = "GApp.Models.DataAnnotations", "..\..\GAppProject\GApp.Model\GApp.Model\GApp.Models.DataAnnotations\GApp.Models.DataAnnotations.csproj", "{A6ABCE30-AC8E-4BE2-97E0-19A7392C1457}"
EndProject
Project("{FAE04EC0-301F-11D3-BF4B-00C04F79EFBC}") = "GApp.Models", "..\..\GAppProject\GApp.Model\GApp.Model\GApp.Models\GApp.Models.csproj", "{984C12ED-A85D-494C-BB3F-048BC6EA44D0}"
EndProject
Project("{FAE04EC0-301F-11D3-BF4B-00C04F79EFBC}") = "TrainingIS.BLL", "TrainingIS.BAL\TrainingIS.BLL.csproj", "{4F26C42D-2E83-4E98-ACF6-30E66AB3F78C}"
EndProject
Project("{FAE04EC0-301F-11D3-BF4B-00C04F79EFBC}") = "TrainingIS.Entities", "TrainingIS.Entities\TrainingIS.Entities.csproj", "{AAAA8E5B-4829-4E02-8623-974ACBA86D62}"
EndProject
Project("{FAE04EC0-301F-11D3-BF4B-00C04F79EFBC}") = "TrainingIS.DAL", "TrainningIS.DAL\TrainingIS.DAL.csproj", "{27C3A6F4-B92D-4253-B14B-B30DC19E262F}"
EndProject
Project("{FAE04EC0-301F-11D3-BF4B-00C04F79EFBC}") = "TestDataGenerator", "TestDataGenerator\TestDataGenerator.csproj", "{CACE28CB-1D5C-428C-AFA8-5588C807C2BE}"
EndProject
Project("{FAE04EC0-301F-11D3-BF4B-00C04F79EFBC}") = "TestData", "TestData\TestData.csproj", "{D4DF756A-C55F-455F-8EF8-B5DDC65AA8AA}"
EndProject
Project("{FAE04EC0-301F-11D3-BF4B-00C04F79EFBC}") = "GApp.XML", "..\..\GAppProject\GApp.Core\GApp.XML\GApp.XML\GApp.XML.csproj", "{9F8BDADB-DAC8-4572-B7E9-EAE5526D084F}"
EndProject
Project("{FAE04EC0-301F-11D3-BF4B-00C04F79EFBC}") = "GApp.DAL.Excel", "..\..\GAppProject\GApp.DAL\GApp.DAL.Excel\GApp.DAL.Excel\GApp.DAL.Excel.csproj", "{FEBE8BDD-0E62-445A-A9F3-C5208122633E}"
EndProject
Project("{2150E333-8FDC-42A3-9474-1A3956D46DE8}") = "TestData", "TestData", "{2D0AAA75-BB05-4FEA-8AE3-C384553D0256}"
EndProject
Global
	GlobalSection(SolutionConfigurationPlatforms) = preSolution
		Data|Any CPU = Data|Any CPU
		Debug_Relase_Data|Any CPU = Debug_Relase_Data|Any CPU
		Debug|Any CPU = Debug|Any CPU
		Release|Any CPU = Release|Any CPU
		Test|Any CPU = Test|Any CPU
		TestData|Any CPU = TestData|Any CPU
	EndGlobalSection
	GlobalSection(ProjectConfigurationPlatforms) = postSolution
		{EDD15BA3-52A6-48F4-AD02-2C50AF3D83C5}.Data|Any CPU.ActiveCfg = Debug|Any CPU
		{EDD15BA3-52A6-48F4-AD02-2C50AF3D83C5}.Data|Any CPU.Build.0 = Debug|Any CPU
		{EDD15BA3-52A6-48F4-AD02-2C50AF3D83C5}.Debug_Relase_Data|Any CPU.ActiveCfg = Debug_Relase_Data|Any CPU
		{EDD15BA3-52A6-48F4-AD02-2C50AF3D83C5}.Debug_Relase_Data|Any CPU.Build.0 = Debug_Relase_Data|Any CPU
		{EDD15BA3-52A6-48F4-AD02-2C50AF3D83C5}.Debug|Any CPU.ActiveCfg = Debug|Any CPU
		{EDD15BA3-52A6-48F4-AD02-2C50AF3D83C5}.Debug|Any CPU.Build.0 = Debug|Any CPU
		{EDD15BA3-52A6-48F4-AD02-2C50AF3D83C5}.Release|Any CPU.ActiveCfg = Release|Any CPU
		{EDD15BA3-52A6-48F4-AD02-2C50AF3D83C5}.Release|Any CPU.Build.0 = Release|Any CPU
		{EDD15BA3-52A6-48F4-AD02-2C50AF3D83C5}.Test|Any CPU.ActiveCfg = Debug|Any CPU
		{EDD15BA3-52A6-48F4-AD02-2C50AF3D83C5}.Test|Any CPU.Build.0 = Debug|Any CPU
		{EDD15BA3-52A6-48F4-AD02-2C50AF3D83C5}.TestData|Any CPU.ActiveCfg = Debug|Any CPU
		{EDD15BA3-52A6-48F4-AD02-2C50AF3D83C5}.TestData|Any CPU.Build.0 = Debug|Any CPU
		{C04CC34C-25EE-4B96-8601-05979BEF6A24}.Data|Any CPU.ActiveCfg = Debug|Any CPU
		{C04CC34C-25EE-4B96-8601-05979BEF6A24}.Data|Any CPU.Build.0 = Debug|Any CPU
		{C04CC34C-25EE-4B96-8601-05979BEF6A24}.Debug_Relase_Data|Any CPU.ActiveCfg = Debug_Relase_Data|Any CPU
		{C04CC34C-25EE-4B96-8601-05979BEF6A24}.Debug_Relase_Data|Any CPU.Build.0 = Debug_Relase_Data|Any CPU
		{C04CC34C-25EE-4B96-8601-05979BEF6A24}.Debug|Any CPU.ActiveCfg = Debug|Any CPU
		{C04CC34C-25EE-4B96-8601-05979BEF6A24}.Debug|Any CPU.Build.0 = Debug|Any CPU
		{C04CC34C-25EE-4B96-8601-05979BEF6A24}.Release|Any CPU.ActiveCfg = Release|Any CPU
		{C04CC34C-25EE-4B96-8601-05979BEF6A24}.Release|Any CPU.Build.0 = Release|Any CPU
		{C04CC34C-25EE-4B96-8601-05979BEF6A24}.Test|Any CPU.ActiveCfg = Debug|Any CPU
		{C04CC34C-25EE-4B96-8601-05979BEF6A24}.Test|Any CPU.Build.0 = Debug|Any CPU
		{C04CC34C-25EE-4B96-8601-05979BEF6A24}.TestData|Any CPU.ActiveCfg = TestData|Any CPU
		{C04CC34C-25EE-4B96-8601-05979BEF6A24}.TestData|Any CPU.Build.0 = TestData|Any CPU
		{344210FA-4894-4C48-A21A-BA852713D119}.Data|Any CPU.ActiveCfg = Debug|Any CPU
		{344210FA-4894-4C48-A21A-BA852713D119}.Data|Any CPU.Build.0 = Debug|Any CPU
		{344210FA-4894-4C48-A21A-BA852713D119}.Debug_Relase_Data|Any CPU.ActiveCfg = Debug_Relase_Data|Any CPU
		{344210FA-4894-4C48-A21A-BA852713D119}.Debug_Relase_Data|Any CPU.Build.0 = Debug_Relase_Data|Any CPU
		{344210FA-4894-4C48-A21A-BA852713D119}.Debug|Any CPU.ActiveCfg = Debug|Any CPU
		{344210FA-4894-4C48-A21A-BA852713D119}.Debug|Any CPU.Build.0 = Debug|Any CPU
		{344210FA-4894-4C48-A21A-BA852713D119}.Release|Any CPU.ActiveCfg = Release|Any CPU
		{344210FA-4894-4C48-A21A-BA852713D119}.Release|Any CPU.Build.0 = Release|Any CPU
		{344210FA-4894-4C48-A21A-BA852713D119}.Test|Any CPU.ActiveCfg = Debug|Any CPU
		{344210FA-4894-4C48-A21A-BA852713D119}.Test|Any CPU.Build.0 = Debug|Any CPU
		{344210FA-4894-4C48-A21A-BA852713D119}.TestData|Any CPU.ActiveCfg = TestData|Any CPU
		{344210FA-4894-4C48-A21A-BA852713D119}.TestData|Any CPU.Build.0 = TestData|Any CPU
		{29347748-9BAE-4704-978D-EB2BC6F1DB88}.Data|Any CPU.ActiveCfg = Debug|Any CPU
		{29347748-9BAE-4704-978D-EB2BC6F1DB88}.Data|Any CPU.Build.0 = Debug|Any CPU
		{29347748-9BAE-4704-978D-EB2BC6F1DB88}.Debug_Relase_Data|Any CPU.ActiveCfg = Debug_Relase_Data|Any CPU
		{29347748-9BAE-4704-978D-EB2BC6F1DB88}.Debug_Relase_Data|Any CPU.Build.0 = Debug_Relase_Data|Any CPU
		{29347748-9BAE-4704-978D-EB2BC6F1DB88}.Debug|Any CPU.ActiveCfg = Debug|Any CPU
		{29347748-9BAE-4704-978D-EB2BC6F1DB88}.Debug|Any CPU.Build.0 = Debug|Any CPU
		{29347748-9BAE-4704-978D-EB2BC6F1DB88}.Release|Any CPU.ActiveCfg = Release|Any CPU
		{29347748-9BAE-4704-978D-EB2BC6F1DB88}.Release|Any CPU.Build.0 = Release|Any CPU
		{29347748-9BAE-4704-978D-EB2BC6F1DB88}.Test|Any CPU.ActiveCfg = Debug|Any CPU
		{29347748-9BAE-4704-978D-EB2BC6F1DB88}.Test|Any CPU.Build.0 = Debug|Any CPU
		{29347748-9BAE-4704-978D-EB2BC6F1DB88}.TestData|Any CPU.ActiveCfg = TestData|Any CPU
		{29347748-9BAE-4704-978D-EB2BC6F1DB88}.TestData|Any CPU.Build.0 = TestData|Any CPU
		{FD5DBD85-AE7B-4AE6-B03B-47CF6B430AF3}.Data|Any CPU.ActiveCfg = Debug|Any CPU
		{FD5DBD85-AE7B-4AE6-B03B-47CF6B430AF3}.Data|Any CPU.Build.0 = Debug|Any CPU
		{FD5DBD85-AE7B-4AE6-B03B-47CF6B430AF3}.Debug_Relase_Data|Any CPU.ActiveCfg = Debug_Relase_Data|Any CPU
		{FD5DBD85-AE7B-4AE6-B03B-47CF6B430AF3}.Debug_Relase_Data|Any CPU.Build.0 = Debug_Relase_Data|Any CPU
		{FD5DBD85-AE7B-4AE6-B03B-47CF6B430AF3}.Debug|Any CPU.ActiveCfg = Debug|Any CPU
		{FD5DBD85-AE7B-4AE6-B03B-47CF6B430AF3}.Debug|Any CPU.Build.0 = Debug|Any CPU
		{FD5DBD85-AE7B-4AE6-B03B-47CF6B430AF3}.Release|Any CPU.ActiveCfg = Release|Any CPU
		{FD5DBD85-AE7B-4AE6-B03B-47CF6B430AF3}.Release|Any CPU.Build.0 = Release|Any CPU
		{FD5DBD85-AE7B-4AE6-B03B-47CF6B430AF3}.Test|Any CPU.ActiveCfg = Debug|Any CPU
		{FD5DBD85-AE7B-4AE6-B03B-47CF6B430AF3}.Test|Any CPU.Build.0 = Debug|Any CPU
		{FD5DBD85-AE7B-4AE6-B03B-47CF6B430AF3}.TestData|Any CPU.ActiveCfg = TestData|Any CPU
		{FD5DBD85-AE7B-4AE6-B03B-47CF6B430AF3}.TestData|Any CPU.Build.0 = TestData|Any CPU
		{B15E9DDB-442B-4BD2-B255-2A6241FD500D}.Data|Any CPU.ActiveCfg = Debug|Any CPU
		{B15E9DDB-442B-4BD2-B255-2A6241FD500D}.Data|Any CPU.Build.0 = Debug|Any CPU
		{B15E9DDB-442B-4BD2-B255-2A6241FD500D}.Debug_Relase_Data|Any CPU.ActiveCfg = Debug_Relase_Data|Any CPU
		{B15E9DDB-442B-4BD2-B255-2A6241FD500D}.Debug_Relase_Data|Any CPU.Build.0 = Debug_Relase_Data|Any CPU
		{B15E9DDB-442B-4BD2-B255-2A6241FD500D}.Debug|Any CPU.ActiveCfg = Debug|Any CPU
		{B15E9DDB-442B-4BD2-B255-2A6241FD500D}.Debug|Any CPU.Build.0 = Debug|Any CPU
		{B15E9DDB-442B-4BD2-B255-2A6241FD500D}.Release|Any CPU.ActiveCfg = Release|Any CPU
		{B15E9DDB-442B-4BD2-B255-2A6241FD500D}.Release|Any CPU.Build.0 = Release|Any CPU
		{B15E9DDB-442B-4BD2-B255-2A6241FD500D}.Test|Any CPU.ActiveCfg = Debug|Any CPU
		{B15E9DDB-442B-4BD2-B255-2A6241FD500D}.Test|Any CPU.Build.0 = Debug|Any CPU
		{B15E9DDB-442B-4BD2-B255-2A6241FD500D}.TestData|Any CPU.ActiveCfg = TestData|Any CPU
		{B15E9DDB-442B-4BD2-B255-2A6241FD500D}.TestData|Any CPU.Build.0 = TestData|Any CPU
		{B5EFC583-4F25-4037-8932-0E7FEC664555}.Data|Any CPU.ActiveCfg = Debug|Any CPU
		{B5EFC583-4F25-4037-8932-0E7FEC664555}.Data|Any CPU.Build.0 = Debug|Any CPU
		{B5EFC583-4F25-4037-8932-0E7FEC664555}.Debug_Relase_Data|Any CPU.ActiveCfg = Debug_Relase_Data|Any CPU
		{B5EFC583-4F25-4037-8932-0E7FEC664555}.Debug_Relase_Data|Any CPU.Build.0 = Debug_Relase_Data|Any CPU
		{B5EFC583-4F25-4037-8932-0E7FEC664555}.Debug|Any CPU.ActiveCfg = Debug|Any CPU
		{B5EFC583-4F25-4037-8932-0E7FEC664555}.Debug|Any CPU.Build.0 = Debug|Any CPU
		{B5EFC583-4F25-4037-8932-0E7FEC664555}.Release|Any CPU.ActiveCfg = Release|Any CPU
		{B5EFC583-4F25-4037-8932-0E7FEC664555}.Release|Any CPU.Build.0 = Release|Any CPU
		{B5EFC583-4F25-4037-8932-0E7FEC664555}.Test|Any CPU.ActiveCfg = Debug|Any CPU
		{B5EFC583-4F25-4037-8932-0E7FEC664555}.Test|Any CPU.Build.0 = Debug|Any CPU
		{B5EFC583-4F25-4037-8932-0E7FEC664555}.TestData|Any CPU.ActiveCfg = TestData|Any CPU
		{B5EFC583-4F25-4037-8932-0E7FEC664555}.TestData|Any CPU.Build.0 = TestData|Any CPU
		{07BE982B-5213-42F2-AD9A-4E997C1661FC}.Data|Any CPU.ActiveCfg = Debug|Any CPU
		{07BE982B-5213-42F2-AD9A-4E997C1661FC}.Data|Any CPU.Build.0 = Debug|Any CPU
		{07BE982B-5213-42F2-AD9A-4E997C1661FC}.Debug_Relase_Data|Any CPU.ActiveCfg = Debug_Relase_Data|Any CPU
		{07BE982B-5213-42F2-AD9A-4E997C1661FC}.Debug_Relase_Data|Any CPU.Build.0 = Debug_Relase_Data|Any CPU
		{07BE982B-5213-42F2-AD9A-4E997C1661FC}.Debug|Any CPU.ActiveCfg = Debug|Any CPU
		{07BE982B-5213-42F2-AD9A-4E997C1661FC}.Debug|Any CPU.Build.0 = Debug|Any CPU
		{07BE982B-5213-42F2-AD9A-4E997C1661FC}.Release|Any CPU.ActiveCfg = Release|Any CPU
		{07BE982B-5213-42F2-AD9A-4E997C1661FC}.Release|Any CPU.Build.0 = Release|Any CPU
		{07BE982B-5213-42F2-AD9A-4E997C1661FC}.Test|Any CPU.ActiveCfg = Debug|Any CPU
		{07BE982B-5213-42F2-AD9A-4E997C1661FC}.Test|Any CPU.Build.0 = Debug|Any CPU
		{07BE982B-5213-42F2-AD9A-4E997C1661FC}.TestData|Any CPU.ActiveCfg = TestData|Any CPU
		{07BE982B-5213-42F2-AD9A-4E997C1661FC}.TestData|Any CPU.Build.0 = TestData|Any CPU
		{8088A8B3-2DB2-4C94-A4A8-01DEBD645BD6}.Data|Any CPU.ActiveCfg = Debug|Any CPU
		{8088A8B3-2DB2-4C94-A4A8-01DEBD645BD6}.Data|Any CPU.Build.0 = Debug|Any CPU
		{8088A8B3-2DB2-4C94-A4A8-01DEBD645BD6}.Debug_Relase_Data|Any CPU.ActiveCfg = Debug_Relase_Data|Any CPU
		{8088A8B3-2DB2-4C94-A4A8-01DEBD645BD6}.Debug_Relase_Data|Any CPU.Build.0 = Debug_Relase_Data|Any CPU
		{8088A8B3-2DB2-4C94-A4A8-01DEBD645BD6}.Debug|Any CPU.ActiveCfg = Debug|Any CPU
		{8088A8B3-2DB2-4C94-A4A8-01DEBD645BD6}.Debug|Any CPU.Build.0 = Debug|Any CPU
		{8088A8B3-2DB2-4C94-A4A8-01DEBD645BD6}.Release|Any CPU.ActiveCfg = Release|Any CPU
		{8088A8B3-2DB2-4C94-A4A8-01DEBD645BD6}.Release|Any CPU.Build.0 = Release|Any CPU
		{8088A8B3-2DB2-4C94-A4A8-01DEBD645BD6}.Test|Any CPU.ActiveCfg = Debug|Any CPU
		{8088A8B3-2DB2-4C94-A4A8-01DEBD645BD6}.Test|Any CPU.Build.0 = Debug|Any CPU
		{8088A8B3-2DB2-4C94-A4A8-01DEBD645BD6}.TestData|Any CPU.ActiveCfg = TestData|Any CPU
		{8088A8B3-2DB2-4C94-A4A8-01DEBD645BD6}.TestData|Any CPU.Build.0 = TestData|Any CPU
		{1FB30091-2729-4164-9FC9-AFE8633A0149}.Data|Any CPU.ActiveCfg = Debug|Any CPU
		{1FB30091-2729-4164-9FC9-AFE8633A0149}.Data|Any CPU.Build.0 = Debug|Any CPU
		{1FB30091-2729-4164-9FC9-AFE8633A0149}.Debug_Relase_Data|Any CPU.ActiveCfg = Debug_Relase_Data|Any CPU
		{1FB30091-2729-4164-9FC9-AFE8633A0149}.Debug_Relase_Data|Any CPU.Build.0 = Debug_Relase_Data|Any CPU
		{1FB30091-2729-4164-9FC9-AFE8633A0149}.Debug|Any CPU.ActiveCfg = Debug|Any CPU
		{1FB30091-2729-4164-9FC9-AFE8633A0149}.Debug|Any CPU.Build.0 = Debug|Any CPU
		{1FB30091-2729-4164-9FC9-AFE8633A0149}.Release|Any CPU.ActiveCfg = Release|Any CPU
		{1FB30091-2729-4164-9FC9-AFE8633A0149}.Release|Any CPU.Build.0 = Release|Any CPU
		{1FB30091-2729-4164-9FC9-AFE8633A0149}.Test|Any CPU.ActiveCfg = Debug|Any CPU
		{1FB30091-2729-4164-9FC9-AFE8633A0149}.Test|Any CPU.Build.0 = Debug|Any CPU
		{1FB30091-2729-4164-9FC9-AFE8633A0149}.TestData|Any CPU.ActiveCfg = Data|Any CPU
		{1FB30091-2729-4164-9FC9-AFE8633A0149}.TestData|Any CPU.Build.0 = Data|Any CPU
		{800E45C1-62F5-4C93-B737-A13CA9568827}.Data|Any CPU.ActiveCfg = Debug|Any CPU
		{800E45C1-62F5-4C93-B737-A13CA9568827}.Data|Any CPU.Build.0 = Debug|Any CPU
		{800E45C1-62F5-4C93-B737-A13CA9568827}.Debug_Relase_Data|Any CPU.ActiveCfg = Debug_Relase_Data|Any CPU
		{800E45C1-62F5-4C93-B737-A13CA9568827}.Debug_Relase_Data|Any CPU.Build.0 = Debug_Relase_Data|Any CPU
		{800E45C1-62F5-4C93-B737-A13CA9568827}.Debug|Any CPU.ActiveCfg = Debug|Any CPU
		{800E45C1-62F5-4C93-B737-A13CA9568827}.Debug|Any CPU.Build.0 = Debug|Any CPU
		{800E45C1-62F5-4C93-B737-A13CA9568827}.Release|Any CPU.ActiveCfg = Release|Any CPU
		{800E45C1-62F5-4C93-B737-A13CA9568827}.Release|Any CPU.Build.0 = Release|Any CPU
		{800E45C1-62F5-4C93-B737-A13CA9568827}.Test|Any CPU.ActiveCfg = Debug|Any CPU
		{800E45C1-62F5-4C93-B737-A13CA9568827}.Test|Any CPU.Build.0 = Debug|Any CPU
		{800E45C1-62F5-4C93-B737-A13CA9568827}.TestData|Any CPU.ActiveCfg = Data|Any CPU
		{800E45C1-62F5-4C93-B737-A13CA9568827}.TestData|Any CPU.Build.0 = Data|Any CPU
		{EE564FAF-4D33-4E46-8D11-BAA7F0A42B41}.Data|Any CPU.ActiveCfg = Debug|Any CPU
		{EE564FAF-4D33-4E46-8D11-BAA7F0A42B41}.Data|Any CPU.Build.0 = Debug|Any CPU
		{EE564FAF-4D33-4E46-8D11-BAA7F0A42B41}.Debug_Relase_Data|Any CPU.ActiveCfg = Debug|Any CPU
		{EE564FAF-4D33-4E46-8D11-BAA7F0A42B41}.Debug_Relase_Data|Any CPU.Build.0 = Debug|Any CPU
		{EE564FAF-4D33-4E46-8D11-BAA7F0A42B41}.Debug|Any CPU.ActiveCfg = Debug|Any CPU
		{EE564FAF-4D33-4E46-8D11-BAA7F0A42B41}.Debug|Any CPU.Build.0 = Debug|Any CPU
		{EE564FAF-4D33-4E46-8D11-BAA7F0A42B41}.Release|Any CPU.ActiveCfg = Release|Any CPU
		{EE564FAF-4D33-4E46-8D11-BAA7F0A42B41}.Release|Any CPU.Build.0 = Release|Any CPU
		{EE564FAF-4D33-4E46-8D11-BAA7F0A42B41}.Test|Any CPU.ActiveCfg = Debug|Any CPU
		{EE564FAF-4D33-4E46-8D11-BAA7F0A42B41}.Test|Any CPU.Build.0 = Debug|Any CPU
		{EE564FAF-4D33-4E46-8D11-BAA7F0A42B41}.TestData|Any CPU.ActiveCfg = Release|Any CPU
		{EE564FAF-4D33-4E46-8D11-BAA7F0A42B41}.TestData|Any CPU.Build.0 = Release|Any CPU
		{C85F0DA4-B0C8-4251-922E-6C9C01A2B097}.Data|Any CPU.ActiveCfg = Debug|Any CPU
		{C85F0DA4-B0C8-4251-922E-6C9C01A2B097}.Data|Any CPU.Build.0 = Debug|Any CPU
		{C85F0DA4-B0C8-4251-922E-6C9C01A2B097}.Debug_Relase_Data|Any CPU.ActiveCfg = Debug|Any CPU
		{C85F0DA4-B0C8-4251-922E-6C9C01A2B097}.Debug_Relase_Data|Any CPU.Build.0 = Debug|Any CPU
		{C85F0DA4-B0C8-4251-922E-6C9C01A2B097}.Debug|Any CPU.ActiveCfg = Debug|Any CPU
		{C85F0DA4-B0C8-4251-922E-6C9C01A2B097}.Debug|Any CPU.Build.0 = Debug|Any CPU
		{C85F0DA4-B0C8-4251-922E-6C9C01A2B097}.Release|Any CPU.ActiveCfg = Release|Any CPU
		{C85F0DA4-B0C8-4251-922E-6C9C01A2B097}.Release|Any CPU.Build.0 = Release|Any CPU
		{C85F0DA4-B0C8-4251-922E-6C9C01A2B097}.Test|Any CPU.ActiveCfg = Debug|Any CPU
		{C85F0DA4-B0C8-4251-922E-6C9C01A2B097}.Test|Any CPU.Build.0 = Debug|Any CPU
		{C85F0DA4-B0C8-4251-922E-6C9C01A2B097}.TestData|Any CPU.ActiveCfg = Release|Any CPU
		{C85F0DA4-B0C8-4251-922E-6C9C01A2B097}.TestData|Any CPU.Build.0 = Release|Any CPU
		{7EF2161E-AB8A-48B2-87F5-3CB0FB9AAC2F}.Data|Any CPU.ActiveCfg = Debug|Any CPU
		{7EF2161E-AB8A-48B2-87F5-3CB0FB9AAC2F}.Data|Any CPU.Build.0 = Debug|Any CPU
		{7EF2161E-AB8A-48B2-87F5-3CB0FB9AAC2F}.Debug_Relase_Data|Any CPU.ActiveCfg = Debug|Any CPU
		{7EF2161E-AB8A-48B2-87F5-3CB0FB9AAC2F}.Debug_Relase_Data|Any CPU.Build.0 = Debug|Any CPU
		{7EF2161E-AB8A-48B2-87F5-3CB0FB9AAC2F}.Debug|Any CPU.ActiveCfg = Debug|Any CPU
		{7EF2161E-AB8A-48B2-87F5-3CB0FB9AAC2F}.Debug|Any CPU.Build.0 = Debug|Any CPU
		{7EF2161E-AB8A-48B2-87F5-3CB0FB9AAC2F}.Release|Any CPU.ActiveCfg = Release|Any CPU
		{7EF2161E-AB8A-48B2-87F5-3CB0FB9AAC2F}.Release|Any CPU.Build.0 = Release|Any CPU
		{7EF2161E-AB8A-48B2-87F5-3CB0FB9AAC2F}.Test|Any CPU.ActiveCfg = Debug|Any CPU
		{7EF2161E-AB8A-48B2-87F5-3CB0FB9AAC2F}.Test|Any CPU.Build.0 = Debug|Any CPU
		{7EF2161E-AB8A-48B2-87F5-3CB0FB9AAC2F}.TestData|Any CPU.ActiveCfg = Release|Any CPU
		{7EF2161E-AB8A-48B2-87F5-3CB0FB9AAC2F}.TestData|Any CPU.Build.0 = Release|Any CPU
		{A6ABCE30-AC8E-4BE2-97E0-19A7392C1457}.Data|Any CPU.ActiveCfg = Data|Any CPU
		{A6ABCE30-AC8E-4BE2-97E0-19A7392C1457}.Data|Any CPU.Build.0 = Data|Any CPU
		{A6ABCE30-AC8E-4BE2-97E0-19A7392C1457}.Debug_Relase_Data|Any CPU.ActiveCfg = Debug_Relase_Data|Any CPU
		{A6ABCE30-AC8E-4BE2-97E0-19A7392C1457}.Debug_Relase_Data|Any CPU.Build.0 = Debug_Relase_Data|Any CPU
		{A6ABCE30-AC8E-4BE2-97E0-19A7392C1457}.Debug|Any CPU.ActiveCfg = Debug|Any CPU
		{A6ABCE30-AC8E-4BE2-97E0-19A7392C1457}.Debug|Any CPU.Build.0 = Debug|Any CPU
		{A6ABCE30-AC8E-4BE2-97E0-19A7392C1457}.Release|Any CPU.ActiveCfg = Release|Any CPU
		{A6ABCE30-AC8E-4BE2-97E0-19A7392C1457}.Release|Any CPU.Build.0 = Release|Any CPU
		{A6ABCE30-AC8E-4BE2-97E0-19A7392C1457}.Test|Any CPU.ActiveCfg = TestData|Any CPU
		{A6ABCE30-AC8E-4BE2-97E0-19A7392C1457}.Test|Any CPU.Build.0 = TestData|Any CPU
		{A6ABCE30-AC8E-4BE2-97E0-19A7392C1457}.TestData|Any CPU.ActiveCfg = TestData|Any CPU
		{A6ABCE30-AC8E-4BE2-97E0-19A7392C1457}.TestData|Any CPU.Build.0 = TestData|Any CPU
		{984C12ED-A85D-494C-BB3F-048BC6EA44D0}.Data|Any CPU.ActiveCfg = Debug|Any CPU
		{984C12ED-A85D-494C-BB3F-048BC6EA44D0}.Data|Any CPU.Build.0 = Debug|Any CPU
		{984C12ED-A85D-494C-BB3F-048BC6EA44D0}.Debug_Relase_Data|Any CPU.ActiveCfg = Debug|Any CPU
		{984C12ED-A85D-494C-BB3F-048BC6EA44D0}.Debug_Relase_Data|Any CPU.Build.0 = Debug|Any CPU
		{984C12ED-A85D-494C-BB3F-048BC6EA44D0}.Debug|Any CPU.ActiveCfg = Debug|Any CPU
		{984C12ED-A85D-494C-BB3F-048BC6EA44D0}.Debug|Any CPU.Build.0 = Debug|Any CPU
		{984C12ED-A85D-494C-BB3F-048BC6EA44D0}.Release|Any CPU.ActiveCfg = Release|Any CPU
		{984C12ED-A85D-494C-BB3F-048BC6EA44D0}.Release|Any CPU.Build.0 = Release|Any CPU
		{984C12ED-A85D-494C-BB3F-048BC6EA44D0}.Test|Any CPU.ActiveCfg = Release|Any CPU
		{984C12ED-A85D-494C-BB3F-048BC6EA44D0}.Test|Any CPU.Build.0 = Release|Any CPU
		{984C12ED-A85D-494C-BB3F-048BC6EA44D0}.TestData|Any CPU.ActiveCfg = Release|Any CPU
		{984C12ED-A85D-494C-BB3F-048BC6EA44D0}.TestData|Any CPU.Build.0 = Release|Any CPU
		{4F26C42D-2E83-4E98-ACF6-30E66AB3F78C}.Data|Any CPU.ActiveCfg = Data|Any CPU
		{4F26C42D-2E83-4E98-ACF6-30E66AB3F78C}.Data|Any CPU.Build.0 = Data|Any CPU
		{4F26C42D-2E83-4E98-ACF6-30E66AB3F78C}.Debug_Relase_Data|Any CPU.ActiveCfg = Debug_Relase_Data|Any CPU
		{4F26C42D-2E83-4E98-ACF6-30E66AB3F78C}.Debug_Relase_Data|Any CPU.Build.0 = Debug_Relase_Data|Any CPU
		{4F26C42D-2E83-4E98-ACF6-30E66AB3F78C}.Debug|Any CPU.ActiveCfg = Debug|Any CPU
		{4F26C42D-2E83-4E98-ACF6-30E66AB3F78C}.Debug|Any CPU.Build.0 = Debug|Any CPU
		{4F26C42D-2E83-4E98-ACF6-30E66AB3F78C}.Release|Any CPU.ActiveCfg = Release|Any CPU
		{4F26C42D-2E83-4E98-ACF6-30E66AB3F78C}.Release|Any CPU.Build.0 = Release|Any CPU
		{4F26C42D-2E83-4E98-ACF6-30E66AB3F78C}.Test|Any CPU.ActiveCfg = Debug|Any CPU
		{4F26C42D-2E83-4E98-ACF6-30E66AB3F78C}.Test|Any CPU.Build.0 = Debug|Any CPU
		{4F26C42D-2E83-4E98-ACF6-30E66AB3F78C}.TestData|Any CPU.ActiveCfg = TestData|Any CPU
		{4F26C42D-2E83-4E98-ACF6-30E66AB3F78C}.TestData|Any CPU.Build.0 = TestData|Any CPU
		{AAAA8E5B-4829-4E02-8623-974ACBA86D62}.Data|Any CPU.ActiveCfg = Data|Any CPU
		{AAAA8E5B-4829-4E02-8623-974ACBA86D62}.Data|Any CPU.Build.0 = Data|Any CPU
		{AAAA8E5B-4829-4E02-8623-974ACBA86D62}.Debug_Relase_Data|Any CPU.ActiveCfg = Debug_Relase_Data|Any CPU
		{AAAA8E5B-4829-4E02-8623-974ACBA86D62}.Debug_Relase_Data|Any CPU.Build.0 = Debug_Relase_Data|Any CPU
		{AAAA8E5B-4829-4E02-8623-974ACBA86D62}.Debug|Any CPU.ActiveCfg = Debug|Any CPU
		{AAAA8E5B-4829-4E02-8623-974ACBA86D62}.Debug|Any CPU.Build.0 = Debug|Any CPU
		{AAAA8E5B-4829-4E02-8623-974ACBA86D62}.Release|Any CPU.ActiveCfg = Release|Any CPU
		{AAAA8E5B-4829-4E02-8623-974ACBA86D62}.Release|Any CPU.Build.0 = Release|Any CPU
		{AAAA8E5B-4829-4E02-8623-974ACBA86D62}.Test|Any CPU.ActiveCfg = Debug|Any CPU
		{AAAA8E5B-4829-4E02-8623-974ACBA86D62}.Test|Any CPU.Build.0 = Debug|Any CPU
		{AAAA8E5B-4829-4E02-8623-974ACBA86D62}.TestData|Any CPU.ActiveCfg = TestData|Any CPU
		{AAAA8E5B-4829-4E02-8623-974ACBA86D62}.TestData|Any CPU.Build.0 = TestData|Any CPU
		{27C3A6F4-B92D-4253-B14B-B30DC19E262F}.Data|Any CPU.ActiveCfg = Data|Any CPU
		{27C3A6F4-B92D-4253-B14B-B30DC19E262F}.Data|Any CPU.Build.0 = Data|Any CPU
		{27C3A6F4-B92D-4253-B14B-B30DC19E262F}.Debug_Relase_Data|Any CPU.ActiveCfg = Debug_Relase_Data|Any CPU
		{27C3A6F4-B92D-4253-B14B-B30DC19E262F}.Debug_Relase_Data|Any CPU.Build.0 = Debug_Relase_Data|Any CPU
		{27C3A6F4-B92D-4253-B14B-B30DC19E262F}.Debug|Any CPU.ActiveCfg = Debug|Any CPU
		{27C3A6F4-B92D-4253-B14B-B30DC19E262F}.Debug|Any CPU.Build.0 = Debug|Any CPU
		{27C3A6F4-B92D-4253-B14B-B30DC19E262F}.Release|Any CPU.ActiveCfg = Release|Any CPU
		{27C3A6F4-B92D-4253-B14B-B30DC19E262F}.Release|Any CPU.Build.0 = Release|Any CPU
		{27C3A6F4-B92D-4253-B14B-B30DC19E262F}.Test|Any CPU.ActiveCfg = Test|Any CPU
		{27C3A6F4-B92D-4253-B14B-B30DC19E262F}.Test|Any CPU.Build.0 = Test|Any CPU
		{27C3A6F4-B92D-4253-B14B-B30DC19E262F}.TestData|Any CPU.ActiveCfg = TestData|Any CPU
		{27C3A6F4-B92D-4253-B14B-B30DC19E262F}.TestData|Any CPU.Build.0 = TestData|Any CPU
		{CACE28CB-1D5C-428C-AFA8-5588C807C2BE}.Data|Any CPU.ActiveCfg = Debug|Any CPU
		{CACE28CB-1D5C-428C-AFA8-5588C807C2BE}.Data|Any CPU.Build.0 = Debug|Any CPU
		{CACE28CB-1D5C-428C-AFA8-5588C807C2BE}.Debug_Relase_Data|Any CPU.ActiveCfg = Debug|Any CPU
		{CACE28CB-1D5C-428C-AFA8-5588C807C2BE}.Debug_Relase_Data|Any CPU.Build.0 = Debug|Any CPU
		{CACE28CB-1D5C-428C-AFA8-5588C807C2BE}.Debug|Any CPU.ActiveCfg = Debug|Any CPU
		{CACE28CB-1D5C-428C-AFA8-5588C807C2BE}.Debug|Any CPU.Build.0 = Debug|Any CPU
		{CACE28CB-1D5C-428C-AFA8-5588C807C2BE}.Release|Any CPU.ActiveCfg = Release|Any CPU
		{CACE28CB-1D5C-428C-AFA8-5588C807C2BE}.Release|Any CPU.Build.0 = Release|Any CPU
		{CACE28CB-1D5C-428C-AFA8-5588C807C2BE}.Test|Any CPU.ActiveCfg = Debug|Any CPU
		{CACE28CB-1D5C-428C-AFA8-5588C807C2BE}.Test|Any CPU.Build.0 = Debug|Any CPU
		{CACE28CB-1D5C-428C-AFA8-5588C807C2BE}.TestData|Any CPU.ActiveCfg = Release|Any CPU
		{CACE28CB-1D5C-428C-AFA8-5588C807C2BE}.TestData|Any CPU.Build.0 = Release|Any CPU
		{D4DF756A-C55F-455F-8EF8-B5DDC65AA8AA}.Data|Any CPU.ActiveCfg = Debug|Any CPU
		{D4DF756A-C55F-455F-8EF8-B5DDC65AA8AA}.Data|Any CPU.Build.0 = Debug|Any CPU
		{D4DF756A-C55F-455F-8EF8-B5DDC65AA8AA}.Debug_Relase_Data|Any CPU.ActiveCfg = Debug|Any CPU
		{D4DF756A-C55F-455F-8EF8-B5DDC65AA8AA}.Debug_Relase_Data|Any CPU.Build.0 = Debug|Any CPU
		{D4DF756A-C55F-455F-8EF8-B5DDC65AA8AA}.Debug|Any CPU.ActiveCfg = Debug|Any CPU
		{D4DF756A-C55F-455F-8EF8-B5DDC65AA8AA}.Debug|Any CPU.Build.0 = Debug|Any CPU
		{D4DF756A-C55F-455F-8EF8-B5DDC65AA8AA}.Release|Any CPU.ActiveCfg = Release|Any CPU
		{D4DF756A-C55F-455F-8EF8-B5DDC65AA8AA}.Release|Any CPU.Build.0 = Release|Any CPU
		{D4DF756A-C55F-455F-8EF8-B5DDC65AA8AA}.Test|Any CPU.ActiveCfg = Debug|Any CPU
		{D4DF756A-C55F-455F-8EF8-B5DDC65AA8AA}.Test|Any CPU.Build.0 = Debug|Any CPU
		{D4DF756A-C55F-455F-8EF8-B5DDC65AA8AA}.TestData|Any CPU.ActiveCfg = Release|Any CPU
		{D4DF756A-C55F-455F-8EF8-B5DDC65AA8AA}.TestData|Any CPU.Build.0 = Release|Any CPU
		{9F8BDADB-DAC8-4572-B7E9-EAE5526D084F}.Data|Any CPU.ActiveCfg = Debug|Any CPU
		{9F8BDADB-DAC8-4572-B7E9-EAE5526D084F}.Data|Any CPU.Build.0 = Debug|Any CPU
		{9F8BDADB-DAC8-4572-B7E9-EAE5526D084F}.Debug_Relase_Data|Any CPU.ActiveCfg = Debug|Any CPU
		{9F8BDADB-DAC8-4572-B7E9-EAE5526D084F}.Debug_Relase_Data|Any CPU.Build.0 = Debug|Any CPU
		{9F8BDADB-DAC8-4572-B7E9-EAE5526D084F}.Debug|Any CPU.ActiveCfg = Debug|Any CPU
		{9F8BDADB-DAC8-4572-B7E9-EAE5526D084F}.Debug|Any CPU.Build.0 = Debug|Any CPU
		{9F8BDADB-DAC8-4572-B7E9-EAE5526D084F}.Release|Any CPU.ActiveCfg = Release|Any CPU
		{9F8BDADB-DAC8-4572-B7E9-EAE5526D084F}.Release|Any CPU.Build.0 = Release|Any CPU
		{9F8BDADB-DAC8-4572-B7E9-EAE5526D084F}.Test|Any CPU.ActiveCfg = Release|Any CPU
		{9F8BDADB-DAC8-4572-B7E9-EAE5526D084F}.Test|Any CPU.Build.0 = Release|Any CPU
		{9F8BDADB-DAC8-4572-B7E9-EAE5526D084F}.TestData|Any CPU.ActiveCfg = Release|Any CPU
		{9F8BDADB-DAC8-4572-B7E9-EAE5526D084F}.TestData|Any CPU.Build.0 = Release|Any CPU
		{FEBE8BDD-0E62-445A-A9F3-C5208122633E}.Data|Any CPU.ActiveCfg = Debug|Any CPU
		{FEBE8BDD-0E62-445A-A9F3-C5208122633E}.Data|Any CPU.Build.0 = Debug|Any CPU
		{FEBE8BDD-0E62-445A-A9F3-C5208122633E}.Debug_Relase_Data|Any CPU.ActiveCfg = Debug|Any CPU
		{FEBE8BDD-0E62-445A-A9F3-C5208122633E}.Debug_Relase_Data|Any CPU.Build.0 = Debug|Any CPU
		{FEBE8BDD-0E62-445A-A9F3-C5208122633E}.Debug|Any CPU.ActiveCfg = Debug|Any CPU
		{FEBE8BDD-0E62-445A-A9F3-C5208122633E}.Debug|Any CPU.Build.0 = Debug|Any CPU
		{FEBE8BDD-0E62-445A-A9F3-C5208122633E}.Release|Any CPU.ActiveCfg = Release|Any CPU
		{FEBE8BDD-0E62-445A-A9F3-C5208122633E}.Release|Any CPU.Build.0 = Release|Any CPU
		{FEBE8BDD-0E62-445A-A9F3-C5208122633E}.Test|Any CPU.ActiveCfg = Release|Any CPU
		{FEBE8BDD-0E62-445A-A9F3-C5208122633E}.Test|Any CPU.Build.0 = Release|Any CPU
		{FEBE8BDD-0E62-445A-A9F3-C5208122633E}.TestData|Any CPU.ActiveCfg = Release|Any CPU
		{FEBE8BDD-0E62-445A-A9F3-C5208122633E}.TestData|Any CPU.Build.0 = Release|Any CPU
	EndGlobalSection
	GlobalSection(SolutionProperties) = preSolution
		HideSolutionNode = FALSE
	EndGlobalSection
	GlobalSection(NestedProjects) = preSolution
		{C04CC34C-25EE-4B96-8601-05979BEF6A24} = {2686270C-2CFB-457F-A129-75C7B0148993}
		{344210FA-4894-4C48-A21A-BA852713D119} = {2686270C-2CFB-457F-A129-75C7B0148993}
		{FD5DBD85-AE7B-4AE6-B03B-47CF6B430AF3} = {5A1F18E9-E35C-41E1-8EB7-2D902075AD5E}
		{B15E9DDB-442B-4BD2-B255-2A6241FD500D} = {2686270C-2CFB-457F-A129-75C7B0148993}
		{07BE982B-5213-42F2-AD9A-4E997C1661FC} = {5A1F18E9-E35C-41E1-8EB7-2D902075AD5E}
		{8088A8B3-2DB2-4C94-A4A8-01DEBD645BD6} = {5A1F18E9-E35C-41E1-8EB7-2D902075AD5E}
		{1FB30091-2729-4164-9FC9-AFE8633A0149} = {5A1F18E9-E35C-41E1-8EB7-2D902075AD5E}
		{800E45C1-62F5-4C93-B737-A13CA9568827} = {5A1F18E9-E35C-41E1-8EB7-2D902075AD5E}
		{EE564FAF-4D33-4E46-8D11-BAA7F0A42B41} = {5A1F18E9-E35C-41E1-8EB7-2D902075AD5E}
		{C85F0DA4-B0C8-4251-922E-6C9C01A2B097} = {2686270C-2CFB-457F-A129-75C7B0148993}
		{7EF2161E-AB8A-48B2-87F5-3CB0FB9AAC2F} = {5A1F18E9-E35C-41E1-8EB7-2D902075AD5E}
		{A6ABCE30-AC8E-4BE2-97E0-19A7392C1457} = {5A1F18E9-E35C-41E1-8EB7-2D902075AD5E}
		{984C12ED-A85D-494C-BB3F-048BC6EA44D0} = {5A1F18E9-E35C-41E1-8EB7-2D902075AD5E}
		{CACE28CB-1D5C-428C-AFA8-5588C807C2BE} = {2D0AAA75-BB05-4FEA-8AE3-C384553D0256}
		{D4DF756A-C55F-455F-8EF8-B5DDC65AA8AA} = {2D0AAA75-BB05-4FEA-8AE3-C384553D0256}
		{9F8BDADB-DAC8-4572-B7E9-EAE5526D084F} = {5A1F18E9-E35C-41E1-8EB7-2D902075AD5E}
		{FEBE8BDD-0E62-445A-A9F3-C5208122633E} = {5A1F18E9-E35C-41E1-8EB7-2D902075AD5E}
	EndGlobalSection
	GlobalSection(ExtensibilityGlobals) = postSolution
		SolutionGuid = {FFDC64EE-1F4A-4FE1-98D2-B9497F8454A5}
	EndGlobalSection
EndGlobal
